
Microsoft Visual Studio Solution File, Format Version 12.00
# Visual Studio Version 16
VisualStudioVersion = 16.0.28407.52
MinimumVisualStudioVersion = 10.0.40219.1
Project("{FAE04EC0-301F-11D3-BF4B-00C04F79EFBC}") = "RequestReceiver-Core-Server", "RequestReceiver-Core-Server\RequestReceiver-Core-Server.csproj", "{5CD72CFE-EE36-47C4-99B7-206840E162ED}"
EndProject
Global
	GlobalSection(SolutionConfigurationPlatforms) = preSolution
		Debug|Any CPU = Debug|Any CPU
		Release|Any CPU = Release|Any CPU
	EndGlobalSection
	GlobalSection(ProjectConfigurationPlatforms) = postSolution
		{5CD72CFE-EE36-47C4-99B7-206840E162ED}.Debug|Any CPU.ActiveCfg = Debug|Any CPU
		{5CD72CFE-EE36-47C4-99B7-206840E162ED}.Debug|Any CPU.Build.0 = Debug|Any CPU
		{5CD72CFE-EE36-47C4-99B7-206840E162ED}.Release|Any CPU.ActiveCfg = Release|Any CPU
		{5CD72CFE-EE36-47C4-99B7-206840E162ED}.Release|Any CPU.Build.0 = Release|Any CPU
	EndGlobalSection
	GlobalSection(SolutionProperties) = preSolution
		HideSolutionNode = FALSE
	EndGlobalSection
	GlobalSection(ExtensibilityGlobals) = postSolution
		SolutionGuid = {427D248A-25D6-4059-8332-998D51EB3DE3}
	EndGlobalSection
EndGlobal
